// !$*UTF8*$!
{
	archiveVersion = 1;
	classes = {
	};
	objectVersion = 56;
	objects = {

/* Begin PBXBuildFile section */
		888B77922C21D5E900D18134 /* LandmarkApp.swift in Sources */ = {isa = PBXBuildFile; fileRef = 888B77912C21D5E900D18134 /* LandmarkApp.swift */; };
		888B77962C21D5EA00D18134 /* Assets.xcassets in Resources */ = {isa = PBXBuildFile; fileRef = 888B77952C21D5EA00D18134 /* Assets.xcassets */; };
		888B77992C21D5EA00D18134 /* Preview Assets.xcassets in Resources */ = {isa = PBXBuildFile; fileRef = 888B77982C21D5EA00D18134 /* Preview Assets.xcassets */; };
		888B77A32C21D61800D18134 /* landmarkData.json in Resources */ = {isa = PBXBuildFile; fileRef = 888B77A22C21D61800D18134 /* landmarkData.json */; };
		888B77A72C21D65000D18134 /* Coordinate.swift in Sources */ = {isa = PBXBuildFile; fileRef = 888B77A42C21D65000D18134 /* Coordinate.swift */; };
		888B77A82C21D65000D18134 /* Landmark.swift in Sources */ = {isa = PBXBuildFile; fileRef = 888B77A52C21D65000D18134 /* Landmark.swift */; };
		888B77A92C21D65000D18134 /* ModelData.swift in Sources */ = {isa = PBXBuildFile; fileRef = 888B77A62C21D65000D18134 /* ModelData.swift */; };
		888B77AD2C21D66B00D18134 /* MapView.swift in Sources */ = {isa = PBXBuildFile; fileRef = 888B77AA2C21D66B00D18134 /* MapView.swift */; };
		888B77AE2C21D66B00D18134 /* ContentView.swift in Sources */ = {isa = PBXBuildFile; fileRef = 888B77AB2C21D66B00D18134 /* ContentView.swift */; };
		888B77AF2C21D66B00D18134 /* CircleImage.swift in Sources */ = {isa = PBXBuildFile; fileRef = 888B77AC2C21D66B00D18134 /* CircleImage.swift */; };
		888B77B12C21D87700D18134 /* LandmarkRow.swift in Sources */ = {isa = PBXBuildFile; fileRef = 888B77B02C21D87700D18134 /* LandmarkRow.swift */; };
		888B77B42C21DACF00D18134 /* LandmarkList.swift in Sources */ = {isa = PBXBuildFile; fileRef = 888B77B32C21DACF00D18134 /* LandmarkList.swift */; };
		888B77B62C21E4AC00D18134 /* LandmartDetail.swift in Sources */ = {isa = PBXBuildFile; fileRef = 888B77B52C21E4AC00D18134 /* LandmartDetail.swift */; };
		88C2A7072C22DF5A002E259D /* FavoriteButton.swift in Sources */ = {isa = PBXBuildFile; fileRef = 88C2A7062C22DF5A002E259D /* FavoriteButton.swift */; };
/* End PBXBuildFile section */

/* Begin PBXFileReference section */
		888B778E2C21D5E900D18134 /* Landmark.app */ = {isa = PBXFileReference; explicitFileType = wrapper.application; includeInIndex = 0; path = Landmark.app; sourceTree = BUILT_PRODUCTS_DIR; };
		888B77912C21D5E900D18134 /* LandmarkApp.swift */ = {isa = PBXFileReference; lastKnownFileType = sourcecode.swift; path = LandmarkApp.swift; sourceTree = "<group>"; };
		888B77952C21D5EA00D18134 /* Assets.xcassets */ = {isa = PBXFileReference; lastKnownFileType = folder.assetcatalog; path = Assets.xcassets; sourceTree = "<group>"; };
		888B77982C21D5EA00D18134 /* Preview Assets.xcassets */ = {isa = PBXFileReference; lastKnownFileType = folder.assetcatalog; path = "Preview Assets.xcassets"; sourceTree = "<group>"; };
		888B77A22C21D61800D18134 /* landmarkData.json */ = {isa = PBXFileReference; fileEncoding = 4; lastKnownFileType = text.json; path = landmarkData.json; sourceTree = "<group>"; };
		888B77A42C21D65000D18134 /* Coordinate.swift */ = {isa = PBXFileReference; fileEncoding = 4; lastKnownFileType = sourcecode.swift; path = Coordinate.swift; sourceTree = "<group>"; };
		888B77A52C21D65000D18134 /* Landmark.swift */ = {isa = PBXFileReference; fileEncoding = 4; lastKnownFileType = sourcecode.swift; path = Landmark.swift; sourceTree = "<group>"; };
		888B77A62C21D65000D18134 /* ModelData.swift */ = {isa = PBXFileReference; fileEncoding = 4; lastKnownFileType = sourcecode.swift; path = ModelData.swift; sourceTree = "<group>"; };
		888B77AA2C21D66B00D18134 /* MapView.swift */ = {isa = PBXFileReference; fileEncoding = 4; lastKnownFileType = sourcecode.swift; path = MapView.swift; sourceTree = "<group>"; };
		888B77AB2C21D66B00D18134 /* ContentView.swift */ = {isa = PBXFileReference; fileEncoding = 4; lastKnownFileType = sourcecode.swift; path = ContentView.swift; sourceTree = "<group>"; };
		888B77AC2C21D66B00D18134 /* CircleImage.swift */ = {isa = PBXFileReference; fileEncoding = 4; lastKnownFileType = sourcecode.swift; path = CircleImage.swift; sourceTree = "<group>"; };
		888B77B02C21D87700D18134 /* LandmarkRow.swift */ = {isa = PBXFileReference; lastKnownFileType = sourcecode.swift; path = LandmarkRow.swift; sourceTree = "<group>"; };
		888B77B32C21DACF00D18134 /* LandmarkList.swift */ = {isa = PBXFileReference; lastKnownFileType = sourcecode.swift; path = LandmarkList.swift; sourceTree = "<group>"; };
		888B77B52C21E4AC00D18134 /* LandmartDetail.swift */ = {isa = PBXFileReference; lastKnownFileType = sourcecode.swift; path = LandmartDetail.swift; sourceTree = "<group>"; };
		88C2A7062C22DF5A002E259D /* FavoriteButton.swift */ = {isa = PBXFileReference; lastKnownFileType = sourcecode.swift; path = FavoriteButton.swift; sourceTree = "<group>"; };
/* End PBXFileReference section */

/* Begin PBXFrameworksBuildPhase section */
		888B778B2C21D5E900D18134 /* Frameworks */ = {
			isa = PBXFrameworksBuildPhase;
			buildActionMask = 2147483647;
			files = (
			);
			runOnlyForDeploymentPostprocessing = 0;
		};
/* End PBXFrameworksBuildPhase section */

/* Begin PBXGroup section */
		888B77852C21D5E900D18134 = {
			isa = PBXGroup;
			children = (
				888B77902C21D5E900D18134 /* Landmark */,
				888B778F2C21D5E900D18134 /* Products */,
			);
			sourceTree = "<group>";
		};
		888B778F2C21D5E900D18134 /* Products */ = {
			isa = PBXGroup;
			children = (
				888B778E2C21D5E900D18134 /* Landmark.app */,
			);
			name = Products;
			sourceTree = "<group>";
		};
		888B77902C21D5E900D18134 /* Landmark */ = {
			isa = PBXGroup;
			children = (
				888B77A12C21D60100D18134 /* Model */,
				888B77A02C21D5F700D18134 /* Resources */,
				888B779F2C21D5F000D18134 /* Views */,
				888B77912C21D5E900D18134 /* LandmarkApp.swift */,
				888B77972C21D5EA00D18134 /* Preview Content */,
			);
			path = Landmark;
			sourceTree = "<group>";
		};
		888B77972C21D5EA00D18134 /* Preview Content */ = {
			isa = PBXGroup;
			children = (
				888B77982C21D5EA00D18134 /* Preview Assets.xcassets */,
			);
			path = "Preview Content";
			sourceTree = "<group>";
		};
		888B779F2C21D5F000D18134 /* Views */ = {
			isa = PBXGroup;
			children = (
				88C2A7052C22DF4D002E259D /* Designables */,
				888B77B22C21DABD00D18134 /* Landmark */,
				888B77AB2C21D66B00D18134 /* ContentView.swift */,
			);
			path = Views;
			sourceTree = "<group>";
		};
		888B77A02C21D5F700D18134 /* Resources */ = {
			isa = PBXGroup;
			children = (
				888B77952C21D5EA00D18134 /* Assets.xcassets */,
				888B77A22C21D61800D18134 /* landmarkData.json */,
			);
			path = Resources;
			sourceTree = "<group>";
		};
		888B77A12C21D60100D18134 /* Model */ = {
			isa = PBXGroup;
			children = (
				888B77A42C21D65000D18134 /* Coordinate.swift */,
				888B77A52C21D65000D18134 /* Landmark.swift */,
				888B77A62C21D65000D18134 /* ModelData.swift */,
			);
			path = Model;
			sourceTree = "<group>";
		};
		888B77B22C21DABD00D18134 /* Landmark */ = {
			isa = PBXGroup;
			children = (
				888B77B02C21D87700D18134 /* LandmarkRow.swift */,
				888B77B32C21DACF00D18134 /* LandmarkList.swift */,
				888B77B52C21E4AC00D18134 /* LandmartDetail.swift */,
			);
			path = Landmark;
			sourceTree = "<group>";
		};
		88C2A7052C22DF4D002E259D /* Designables */ = {
			isa = PBXGroup;
			children = (
				888B77AA2C21D66B00D18134 /* MapView.swift */,
				888B77AC2C21D66B00D18134 /* CircleImage.swift */,
				88C2A7062C22DF5A002E259D /* FavoriteButton.swift */,
			);
			path = Designables;
			sourceTree = "<group>";
		};
/* End PBXGroup section */

/* Begin PBXNativeTarget section */
		888B778D2C21D5E900D18134 /* Landmark */ = {
			isa = PBXNativeTarget;
			buildConfigurationList = 888B779C2C21D5EA00D18134 /* Build configuration list for PBXNativeTarget "Landmark" */;
			buildPhases = (
				888B778A2C21D5E900D18134 /* Sources */,
				888B778B2C21D5E900D18134 /* Frameworks */,
				888B778C2C21D5E900D18134 /* Resources */,
			);
			buildRules = (
			);
			dependencies = (
			);
			name = Landmark;
			productName = Landmark;
			productReference = 888B778E2C21D5E900D18134 /* Landmark.app */;
			productType = "com.apple.product-type.application";
		};
/* End PBXNativeTarget section */

/* Begin PBXProject section */
		888B77862C21D5E900D18134 /* Project object */ = {
			isa = PBXProject;
			attributes = {
				BuildIndependentTargetsInParallel = 1;
				LastSwiftUpdateCheck = 1530;
				LastUpgradeCheck = 1530;
				TargetAttributes = {
					888B778D2C21D5E900D18134 = {
						CreatedOnToolsVersion = 15.3;
					};
				};
			};
			buildConfigurationList = 888B77892C21D5E900D18134 /* Build configuration list for PBXProject "Landmark" */;
			compatibilityVersion = "Xcode 14.0";
			developmentRegion = en;
			hasScannedForEncodings = 0;
			knownRegions = (
				en,
				Base,
			);
			mainGroup = 888B77852C21D5E900D18134;
			productRefGroup = 888B778F2C21D5E900D18134 /* Products */;
			projectDirPath = "";
			projectRoot = "";
			targets = (
				888B778D2C21D5E900D18134 /* Landmark */,
			);
		};
/* End PBXProject section */

/* Begin PBXResourcesBuildPhase section */
		888B778C2C21D5E900D18134 /* Resources */ = {
			isa = PBXResourcesBuildPhase;
			buildActionMask = 2147483647;
			files = (
				888B77992C21D5EA00D18134 /* Preview Assets.xcassets in Resources */,
				888B77962C21D5EA00D18134 /* Assets.xcassets in Resources */,
				888B77A32C21D61800D18134 /* landmarkData.json in Resources */,
			);
			runOnlyForDeploymentPostprocessing = 0;
		};
/* End PBXResourcesBuildPhase section */

/* Begin PBXSourcesBuildPhase section */
		888B778A2C21D5E900D18134 /* Sources */ = {
			isa = PBXSourcesBuildPhase;
			buildActionMask = 2147483647;
			files = (
				888B77922C21D5E900D18134 /* LandmarkApp.swift in Sources */,
				888B77B62C21E4AC00D18134 /* LandmartDetail.swift in Sources */,
				888B77A92C21D65000D18134 /* ModelData.swift in Sources */,
				888B77AE2C21D66B00D18134 /* ContentView.swift in Sources */,
				888B77AF2C21D66B00D18134 /* CircleImage.swift in Sources */,
				888B77B42C21DACF00D18134 /* LandmarkList.swift in Sources */,
				888B77AD2C21D66B00D18134 /* MapView.swift in Sources */,
				888B77A72C21D65000D18134 /* Coordinate.swift in Sources */,
				888B77B12C21D87700D18134 /* LandmarkRow.swift in Sources */,
				88C2A7072C22DF5A002E259D /* FavoriteButton.swift in Sources */,
				888B77A82C21D65000D18134 /* Landmark.swift in Sources */,
			);
			runOnlyForDeploymentPostprocessing = 0;
		};
/* End PBXSourcesBuildPhase section */

/* Begin XCBuildConfiguration section */
		888B779A2C21D5EA00D18134 /* Debug */ = {
			isa = XCBuildConfiguration;
			buildSettings = {
				ALWAYS_SEARCH_USER_PATHS = NO;
				ASSETCATALOG_COMPILER_GENERATE_SWIFT_ASSET_SYMBOL_EXTENSIONS = YES;
				CLANG_ANALYZER_NONNULL = YES;
				CLANG_ANALYZER_NUMBER_OBJECT_CONVERSION = YES_AGGRESSIVE;
				CLANG_CXX_LANGUAGE_STANDARD = "gnu++20";
				CLANG_ENABLE_MODULES = YES;
				CLANG_ENABLE_OBJC_ARC = YES;
				CLANG_ENABLE_OBJC_WEAK = YES;
				CLANG_WARN_BLOCK_CAPTURE_AUTORELEASING = YES;
				CLANG_WARN_BOOL_CONVERSION = YES;
				CLANG_WARN_COMMA = YES;
				CLANG_WARN_CONSTANT_CONVERSION = YES;
				CLANG_WARN_DEPRECATED_OBJC_IMPLEMENTATIONS = YES;
				CLANG_WARN_DIRECT_OBJC_ISA_USAGE = YES_ERROR;
				CLANG_WARN_DOCUMENTATION_COMMENTS = YES;
				CLANG_WARN_EMPTY_BODY = YES;
				CLANG_WARN_ENUM_CONVERSION = YES;
				CLANG_WARN_INFINITE_RECURSION = YES;
				CLANG_WARN_INT_CONVERSION = YES;
				CLANG_WARN_NON_LITERAL_NULL_CONVERSION = YES;
				CLANG_WARN_OBJC_IMPLICIT_RETAIN_SELF = YES;
				CLANG_WARN_OBJC_LITERAL_CONVERSION = YES;
				CLANG_WARN_OBJC_ROOT_CLASS = YES_ERROR;
				CLANG_WARN_QUOTED_INCLUDE_IN_FRAMEWORK_HEADER = YES;
				CLANG_WARN_RANGE_LOOP_ANALYSIS = YES;
				CLANG_WARN_STRICT_PROTOTYPES = YES;
				CLANG_WARN_SUSPICIOUS_MOVE = YES;
				CLANG_WARN_UNGUARDED_AVAILABILITY = YES_AGGRESSIVE;
				CLANG_WARN_UNREACHABLE_CODE = YES;
				CLANG_WARN__DUPLICATE_METHOD_MATCH = YES;
				COPY_PHASE_STRIP = NO;
				DEBUG_INFORMATION_FORMAT = dwarf;
				ENABLE_STRICT_OBJC_MSGSEND = YES;
				ENABLE_TESTABILITY = YES;
				ENABLE_USER_SCRIPT_SANDBOXING = YES;
				GCC_C_LANGUAGE_STANDARD = gnu17;
				GCC_DYNAMIC_NO_PIC = NO;
				GCC_NO_COMMON_BLOCKS = YES;
				GCC_OPTIMIZATION_LEVEL = 0;
				GCC_PREPROCESSOR_DEFINITIONS = (
					"DEBUG=1",
					"$(inherited)",
				);
				GCC_WARN_64_TO_32_BIT_CONVERSION = YES;
				GCC_WARN_ABOUT_RETURN_TYPE = YES_ERROR;
				GCC_WARN_UNDECLARED_SELECTOR = YES;
				GCC_WARN_UNINITIALIZED_AUTOS = YES_AGGRESSIVE;
				GCC_WARN_UNUSED_FUNCTION = YES;
				GCC_WARN_UNUSED_VARIABLE = YES;
				IPHONEOS_DEPLOYMENT_TARGET = 17.4;
				LOCALIZATION_PREFERS_STRING_CATALOGS = YES;
				MTL_ENABLE_DEBUG_INFO = INCLUDE_SOURCE;
				MTL_FAST_MATH = YES;
				ONLY_ACTIVE_ARCH = YES;
				SDKROOT = iphoneos;
				SWIFT_ACTIVE_COMPILATION_CONDITIONS = "DEBUG $(inherited)";
				SWIFT_OPTIMIZATION_LEVEL = "-Onone";
			};
			name = Debug;
		};
		888B779B2C21D5EA00D18134 /* Release */ = {
			isa = XCBuildConfiguration;
			buildSettings = {
				ALWAYS_SEARCH_USER_PATHS = NO;
				ASSETCATALOG_COMPILER_GENERATE_SWIFT_ASSET_SYMBOL_EXTENSIONS = YES;
				CLANG_ANALYZER_NONNULL = YES;
				CLANG_ANALYZER_NUMBER_OBJECT_CONVERSION = YES_AGGRESSIVE;
				CLANG_CXX_LANGUAGE_STANDARD = "gnu++20";
				CLANG_ENABLE_MODULES = YES;
				CLANG_ENABLE_OBJC_ARC = YES;
				CLANG_ENABLE_OBJC_WEAK = YES;
				CLANG_WARN_BLOCK_CAPTURE_AUTORELEASING = YES;
				CLANG_WARN_BOOL_CONVERSION = YES;
				CLANG_WARN_COMMA = YES;
				CLANG_WARN_CONSTANT_CONVERSION = YES;
				CLANG_WARN_DEPRECATED_OBJC_IMPLEMENTATIONS = YES;
				CLANG_WARN_DIRECT_OBJC_ISA_USAGE = YES_ERROR;
				CLANG_WARN_DOCUMENTATION_COMMENTS = YES;
				CLANG_WARN_EMPTY_BODY = YES;
				CLANG_WARN_ENUM_CONVERSION = YES;
				CLANG_WARN_INFINITE_RECURSION = YES;
				CLANG_WARN_INT_CONVERSION = YES;
				CLANG_WARN_NON_LITERAL_NULL_CONVERSION = YES;
				CLANG_WARN_OBJC_IMPLICIT_RETAIN_SELF = YES;
				CLANG_WARN_OBJC_LITERAL_CONVERSION = YES;
				CLANG_WARN_OBJC_ROOT_CLASS = YES_ERROR;
				CLANG_WARN_QUOTED_INCLUDE_IN_FRAMEWORK_HEADER = YES;
				CLANG_WARN_RANGE_LOOP_ANALYSIS = YES;
				CLANG_WARN_STRICT_PROTOTYPES = YES;
				CLANG_WARN_SUSPICIOUS_MOVE = YES;
				CLANG_WARN_UNGUARDED_AVAILABILITY = YES_AGGRESSIVE;
				CLANG_WARN_UNREACHABLE_CODE = YES;
				CLANG_WARN__DUPLICATE_METHOD_MATCH = YES;
				COPY_PHASE_STRIP = NO;
				DEBUG_INFORMATION_FORMAT = "dwarf-with-dsym";
				ENABLE_NS_ASSERTIONS = NO;
				ENABLE_STRICT_OBJC_MSGSEND = YES;
				ENABLE_USER_SCRIPT_SANDBOXING = YES;
				GCC_C_LANGUAGE_STANDARD = gnu17;
				GCC_NO_COMMON_BLOCKS = YES;
				GCC_WARN_64_TO_32_BIT_CONVERSION = YES;
				GCC_WARN_ABOUT_RETURN_TYPE = YES_ERROR;
				GCC_WARN_UNDECLARED_SELECTOR = YES;
				GCC_WARN_UNINITIALIZED_AUTOS = YES_AGGRESSIVE;
				GCC_WARN_UNUSED_FUNCTION = YES;
				GCC_WARN_UNUSED_VARIABLE = YES;
				IPHONEOS_DEPLOYMENT_TARGET = 17.4;
				LOCALIZATION_PREFERS_STRING_CATALOGS = YES;
				MTL_ENABLE_DEBUG_INFO = NO;
				MTL_FAST_MATH = YES;
				SDKROOT = iphoneos;
				SWIFT_COMPILATION_MODE = wholemodule;
				VALIDATE_PRODUCT = YES;
			};
			name = Release;
		};
		888B779D2C21D5EA00D18134 /* Debug */ = {
			isa = XCBuildConfiguration;
			buildSettings = {
				ASSETCATALOG_COMPILER_APPICON_NAME = AppIcon;
				ASSETCATALOG_COMPILER_GLOBAL_ACCENT_COLOR_NAME = AccentColor;
				CODE_SIGN_STYLE = Automatic;
				CURRENT_PROJECT_VERSION = 1;
				DEVELOPMENT_ASSET_PATHS = "\"Landmark/Preview Content\"";
				DEVELOPMENT_TEAM = 8JSPBLZJX6;
				ENABLE_PREVIEWS = YES;
				GENERATE_INFOPLIST_FILE = YES;
				INFOPLIST_KEY_UIApplicationSceneManifest_Generation = YES;
				INFOPLIST_KEY_UIApplicationSupportsIndirectInputEvents = YES;
				INFOPLIST_KEY_UILaunchScreen_Generation = YES;
				INFOPLIST_KEY_UISupportedInterfaceOrientations_iPad = "UIInterfaceOrientationPortrait UIInterfaceOrientationPortraitUpsideDown UIInterfaceOrientationLandscapeLeft UIInterfaceOrientationLandscapeRight";
				INFOPLIST_KEY_UISupportedInterfaceOrientations_iPhone = "UIInterfaceOrientationPortrait UIInterfaceOrientationLandscapeLeft UIInterfaceOrientationLandscapeRight";
				LD_RUNPATH_SEARCH_PATHS = (
					"$(inherited)",
					"@executable_path/Frameworks",
				);
				MARKETING_VERSION = 1.0;
				PRODUCT_BUNDLE_IDENTIFIER = morotech.rafaelsants.Landmark;
				PRODUCT_NAME = "$(TARGET_NAME)";
				SWIFT_EMIT_LOC_STRINGS = YES;
				SWIFT_VERSION = 5.0;
				TARGETED_DEVICE_FAMILY = "1,2";
			};
			name = Debug;
		};
		888B779E2C21D5EA00D18134 /* Release */ = {
			isa = XCBuildConfiguration;
			buildSettings = {
				ASSETCATALOG_COMPILER_APPICON_NAME = AppIcon;
				ASSETCATALOG_COMPILER_GLOBAL_ACCENT_COLOR_NAME = AccentColor;
				CODE_SIGN_STYLE = Automatic;
				CURRENT_PROJECT_VERSION = 1;
				DEVELOPMENT_ASSET_PATHS = "\"Landmark/Preview Content\"";
				DEVELOPMENT_TEAM = 8JSPBLZJX6;
				ENABLE_PREVIEWS = YES;
				GENERATE_INFOPLIST_FILE = YES;
				INFOPLIST_KEY_UIApplicationSceneManifest_Generation = YES;
				INFOPLIST_KEY_UIApplicationSupportsIndirectInputEvents = YES;
				INFOPLIST_KEY_UILaunchScreen_Generation = YES;
				INFOPLIST_KEY_UISupportedInterfaceOrientations_iPad = "UIInterfaceOrientationPortrait UIInterfaceOrientationPortraitUpsideDown UIInterfaceOrientationLandscapeLeft UIInterfaceOrientationLandscapeRight";
				INFOPLIST_KEY_UISupportedInterfaceOrientations_iPhone = "UIInterfaceOrientationPortrait UIInterfaceOrientationLandscapeLeft UIInterfaceOrientationLandscapeRight";
				LD_RUNPATH_SEARCH_PATHS = (
					"$(inherited)",
					"@executable_path/Frameworks",
				);
				MARKETING_VERSION = 1.0;
				PRODUCT_BUNDLE_IDENTIFIER = morotech.rafaelsants.Landmark;
				PRODUCT_NAME = "$(TARGET_NAME)";
				SWIFT_EMIT_LOC_STRINGS = YES;
				SWIFT_VERSION = 5.0;
				TARGETED_DEVICE_FAMILY = "1,2";
			};
			name = Release;
		};
/* End XCBuildConfiguration section */

/* Begin XCConfigurationList section */
		888B77892C21D5E900D18134 /* Build configuration list for PBXProject "Landmark" */ = {
			isa = XCConfigurationList;
			buildConfigurations = (
				888B779A2C21D5EA00D18134 /* Debug */,
				888B779B2C21D5EA00D18134 /* Release */,
			);
			defaultConfigurationIsVisible = 0;
			defaultConfigurationName = Release;
		};
		888B779C2C21D5EA00D18134 /* Build configuration list for PBXNativeTarget "Landmark" */ = {
			isa = XCConfigurationList;
			buildConfigurations = (
				888B779D2C21D5EA00D18134 /* Debug */,
				888B779E2C21D5EA00D18134 /* Release */,
			);
			defaultConfigurationIsVisible = 0;
			defaultConfigurationName = Release;
		};
/* End XCConfigurationList section */
	};
	rootObject = 888B77862C21D5E900D18134 /* Project object */;
}
